
Microsoft Visual Studio Solution File, Format Version 12.00
# Visual Studio Version 16
VisualStudioVersion = 16.0.29613.14
MinimumVisualStudioVersion = 10.0.40219.1
Project("{FAE04EC0-301F-11D3-BF4B-00C04F79EFBC}") = "06. Max Number", "06. Max Number.csproj", "{0970B9DD-2804-48B0-997D-44EED396906B}"
EndProject
Global
	GlobalSection(SolutionConfigurationPlatforms) = preSolution
		Debug|Any CPU = Debug|Any CPU
		Release|Any CPU = Release|Any CPU
	EndGlobalSection
	GlobalSection(ProjectConfigurationPlatforms) = postSolution
		{0970B9DD-2804-48B0-997D-44EED396906B}.Debug|Any CPU.ActiveCfg = Debug|Any CPU
		{0970B9DD-2804-48B0-997D-44EED396906B}.Debug|Any CPU.Build.0 = Debug|Any CPU
		{0970B9DD-2804-48B0-997D-44EED396906B}.Release|Any CPU.ActiveCfg = Release|Any CPU
		{0970B9DD-2804-48B0-997D-44EED396906B}.Release|Any CPU.Build.0 = Release|Any CPU
	EndGlobalSection
	GlobalSection(SolutionProperties) = preSolution
		HideSolutionNode = FALSE
	EndGlobalSection
	GlobalSection(ExtensibilityGlobals) = postSolution
		SolutionGuid = {8507158B-28B2-4723-8774-3C48AB21A384}
	EndGlobalSection
EndGlobal
