
Microsoft Visual Studio Solution File, Format Version 12.00
# Visual Studio Version 16
VisualStudioVersion = 16.0.29613.14
MinimumVisualStudioVersion = 10.0.40219.1
Project("{FAE04EC0-301F-11D3-BF4B-00C04F79EFBC}") = "06. Godzilla vs. Kong", "06. Godzilla vs. Kong.csproj", "{58DBDFAA-83D5-457E-9E4C-F62E10D8E9A8}"
EndProject
Global
	GlobalSection(SolutionConfigurationPlatforms) = preSolution
		Debug|Any CPU = Debug|Any CPU
		Release|Any CPU = Release|Any CPU
	EndGlobalSection
	GlobalSection(ProjectConfigurationPlatforms) = postSolution
		{58DBDFAA-83D5-457E-9E4C-F62E10D8E9A8}.Debug|Any CPU.ActiveCfg = Debug|Any CPU
		{58DBDFAA-83D5-457E-9E4C-F62E10D8E9A8}.Debug|Any CPU.Build.0 = Debug|Any CPU
		{58DBDFAA-83D5-457E-9E4C-F62E10D8E9A8}.Release|Any CPU.ActiveCfg = Release|Any CPU
		{58DBDFAA-83D5-457E-9E4C-F62E10D8E9A8}.Release|Any CPU.Build.0 = Release|Any CPU
	EndGlobalSection
	GlobalSection(SolutionProperties) = preSolution
		HideSolutionNode = FALSE
	EndGlobalSection
	GlobalSection(ExtensibilityGlobals) = postSolution
		SolutionGuid = {8660C476-5BD1-497F-9571-A604DA044A51}
	EndGlobalSection
EndGlobal
