
Microsoft Visual Studio Solution File, Format Version 12.00
# Visual Studio Version 16
VisualStudioVersion = 16.0.29613.14
MinimumVisualStudioVersion = 10.0.40219.1
Project("{FAE04EC0-301F-11D3-BF4B-00C04F79EFBC}") = "11. Fruit Shop", "11. Fruit Shop.csproj", "{CBD52369-4360-4926-B728-A98F360B935A}"
EndProject
Global
	GlobalSection(SolutionConfigurationPlatforms) = preSolution
		Debug|Any CPU = Debug|Any CPU
		Release|Any CPU = Release|Any CPU
	EndGlobalSection
	GlobalSection(ProjectConfigurationPlatforms) = postSolution
		{CBD52369-4360-4926-B728-A98F360B935A}.Debug|Any CPU.ActiveCfg = Debug|Any CPU
		{CBD52369-4360-4926-B728-A98F360B935A}.Debug|Any CPU.Build.0 = Debug|Any CPU
		{CBD52369-4360-4926-B728-A98F360B935A}.Release|Any CPU.ActiveCfg = Release|Any CPU
		{CBD52369-4360-4926-B728-A98F360B935A}.Release|Any CPU.Build.0 = Release|Any CPU
	EndGlobalSection
	GlobalSection(SolutionProperties) = preSolution
		HideSolutionNode = FALSE
	EndGlobalSection
	GlobalSection(ExtensibilityGlobals) = postSolution
		SolutionGuid = {3F4B09EB-CC0E-400C-AB9D-B3FBC3C5E8EE}
	EndGlobalSection
EndGlobal
