
Microsoft Visual Studio Solution File, Format Version 12.00
# Visual Studio Version 16
VisualStudioVersion = 16.0.29613.14
MinimumVisualStudioVersion = 10.0.40219.1
Project("{FAE04EC0-301F-11D3-BF4B-00C04F79EFBC}") = "07. Projects Creation", "07. Projects Creation.csproj", "{9554DEBC-51D7-43CB-909A-B33939316A9F}"
EndProject
Global
	GlobalSection(SolutionConfigurationPlatforms) = preSolution
		Debug|Any CPU = Debug|Any CPU
		Release|Any CPU = Release|Any CPU
	EndGlobalSection
	GlobalSection(ProjectConfigurationPlatforms) = postSolution
		{9554DEBC-51D7-43CB-909A-B33939316A9F}.Debug|Any CPU.ActiveCfg = Debug|Any CPU
		{9554DEBC-51D7-43CB-909A-B33939316A9F}.Debug|Any CPU.Build.0 = Debug|Any CPU
		{9554DEBC-51D7-43CB-909A-B33939316A9F}.Release|Any CPU.ActiveCfg = Release|Any CPU
		{9554DEBC-51D7-43CB-909A-B33939316A9F}.Release|Any CPU.Build.0 = Release|Any CPU
	EndGlobalSection
	GlobalSection(SolutionProperties) = preSolution
		HideSolutionNode = FALSE
	EndGlobalSection
	GlobalSection(ExtensibilityGlobals) = postSolution
		SolutionGuid = {09E241AB-9209-46BA-8ADE-BFD03E08D674}
	EndGlobalSection
EndGlobal
