
Microsoft Visual Studio Solution File, Format Version 12.00
# Visual Studio Version 16
VisualStudioVersion = 16.0.29613.14
MinimumVisualStudioVersion = 10.0.40219.1
Project("{FAE04EC0-301F-11D3-BF4B-00C04F79EFBC}") = "05. Greeting by Name", "05. Greeting by Name.csproj", "{A934535C-2BC0-4D9D-B0BD-660CD6F95B29}"
EndProject
Global
	GlobalSection(SolutionConfigurationPlatforms) = preSolution
		Debug|Any CPU = Debug|Any CPU
		Release|Any CPU = Release|Any CPU
	EndGlobalSection
	GlobalSection(ProjectConfigurationPlatforms) = postSolution
		{A934535C-2BC0-4D9D-B0BD-660CD6F95B29}.Debug|Any CPU.ActiveCfg = Debug|Any CPU
		{A934535C-2BC0-4D9D-B0BD-660CD6F95B29}.Debug|Any CPU.Build.0 = Debug|Any CPU
		{A934535C-2BC0-4D9D-B0BD-660CD6F95B29}.Release|Any CPU.ActiveCfg = Release|Any CPU
		{A934535C-2BC0-4D9D-B0BD-660CD6F95B29}.Release|Any CPU.Build.0 = Release|Any CPU
	EndGlobalSection
	GlobalSection(SolutionProperties) = preSolution
		HideSolutionNode = FALSE
	EndGlobalSection
	GlobalSection(ExtensibilityGlobals) = postSolution
		SolutionGuid = {E1E9CF0F-AD66-461E-9102-A8F80422D179}
	EndGlobalSection
EndGlobal
