
Microsoft Visual Studio Solution File, Format Version 12.00
# Visual Studio Version 16
VisualStudioVersion = 16.0.29613.14
MinimumVisualStudioVersion = 10.0.40219.1
Project("{FAE04EC0-301F-11D3-BF4B-00C04F79EFBC}") = "01. Read Text", "01. Read Text.csproj", "{393DFDCA-703D-425A-9A22-957554CA0C8B}"
EndProject
Global
	GlobalSection(SolutionConfigurationPlatforms) = preSolution
		Debug|Any CPU = Debug|Any CPU
		Release|Any CPU = Release|Any CPU
	EndGlobalSection
	GlobalSection(ProjectConfigurationPlatforms) = postSolution
		{393DFDCA-703D-425A-9A22-957554CA0C8B}.Debug|Any CPU.ActiveCfg = Debug|Any CPU
		{393DFDCA-703D-425A-9A22-957554CA0C8B}.Debug|Any CPU.Build.0 = Debug|Any CPU
		{393DFDCA-703D-425A-9A22-957554CA0C8B}.Release|Any CPU.ActiveCfg = Release|Any CPU
		{393DFDCA-703D-425A-9A22-957554CA0C8B}.Release|Any CPU.Build.0 = Release|Any CPU
	EndGlobalSection
	GlobalSection(SolutionProperties) = preSolution
		HideSolutionNode = FALSE
	EndGlobalSection
	GlobalSection(ExtensibilityGlobals) = postSolution
		SolutionGuid = {B08C57AB-1111-41B8-95EF-2B03776756C1}
	EndGlobalSection
EndGlobal
