
Microsoft Visual Studio Solution File, Format Version 12.00
# Visual Studio Version 16
VisualStudioVersion = 16.0.29613.14
MinimumVisualStudioVersion = 10.0.40219.1
Project("{FAE04EC0-301F-11D3-BF4B-00C04F79EFBC}") = "08. Pet Shop", "08. Pet Shop.csproj", "{C5AB2DCC-61B9-4191-B400-DCEBAF1E0C07}"
EndProject
Global
	GlobalSection(SolutionConfigurationPlatforms) = preSolution
		Debug|Any CPU = Debug|Any CPU
		Release|Any CPU = Release|Any CPU
	EndGlobalSection
	GlobalSection(ProjectConfigurationPlatforms) = postSolution
		{C5AB2DCC-61B9-4191-B400-DCEBAF1E0C07}.Debug|Any CPU.ActiveCfg = Debug|Any CPU
		{C5AB2DCC-61B9-4191-B400-DCEBAF1E0C07}.Debug|Any CPU.Build.0 = Debug|Any CPU
		{C5AB2DCC-61B9-4191-B400-DCEBAF1E0C07}.Release|Any CPU.ActiveCfg = Release|Any CPU
		{C5AB2DCC-61B9-4191-B400-DCEBAF1E0C07}.Release|Any CPU.Build.0 = Release|Any CPU
	EndGlobalSection
	GlobalSection(SolutionProperties) = preSolution
		HideSolutionNode = FALSE
	EndGlobalSection
	GlobalSection(ExtensibilityGlobals) = postSolution
		SolutionGuid = {ED67BBEF-FA9E-42BD-9571-3B92E1428851}
	EndGlobalSection
EndGlobal
