
Microsoft Visual Studio Solution File, Format Version 12.00
# Visual Studio Version 16
VisualStudioVersion = 16.0.29613.14
MinimumVisualStudioVersion = 10.0.40219.1
Project("{FAE04EC0-301F-11D3-BF4B-00C04F79EFBC}") = "03. Sum Numbers", "03. Sum Numbers.csproj", "{A520138C-45C3-4646-A7A6-6A06369167E5}"
EndProject
Global
	GlobalSection(SolutionConfigurationPlatforms) = preSolution
		Debug|Any CPU = Debug|Any CPU
		Release|Any CPU = Release|Any CPU
	EndGlobalSection
	GlobalSection(ProjectConfigurationPlatforms) = postSolution
		{A520138C-45C3-4646-A7A6-6A06369167E5}.Debug|Any CPU.ActiveCfg = Debug|Any CPU
		{A520138C-45C3-4646-A7A6-6A06369167E5}.Debug|Any CPU.Build.0 = Debug|Any CPU
		{A520138C-45C3-4646-A7A6-6A06369167E5}.Release|Any CPU.ActiveCfg = Release|Any CPU
		{A520138C-45C3-4646-A7A6-6A06369167E5}.Release|Any CPU.Build.0 = Release|Any CPU
	EndGlobalSection
	GlobalSection(SolutionProperties) = preSolution
		HideSolutionNode = FALSE
	EndGlobalSection
	GlobalSection(ExtensibilityGlobals) = postSolution
		SolutionGuid = {F38F4006-13C6-42AA-8874-85A9D068CC4C}
	EndGlobalSection
EndGlobal
