
Microsoft Visual Studio Solution File, Format Version 12.00
# Visual Studio Version 16
VisualStudioVersion = 16.0.29613.14
MinimumVisualStudioVersion = 10.0.40219.1
Project("{FAE04EC0-301F-11D3-BF4B-00C04F79EFBC}") = "04. Personal Titles", "04. Personal Titles.csproj", "{848F8F4A-D7BD-4869-8C27-AE83ACC60064}"
EndProject
Global
	GlobalSection(SolutionConfigurationPlatforms) = preSolution
		Debug|Any CPU = Debug|Any CPU
		Release|Any CPU = Release|Any CPU
	EndGlobalSection
	GlobalSection(ProjectConfigurationPlatforms) = postSolution
		{848F8F4A-D7BD-4869-8C27-AE83ACC60064}.Debug|Any CPU.ActiveCfg = Debug|Any CPU
		{848F8F4A-D7BD-4869-8C27-AE83ACC60064}.Debug|Any CPU.Build.0 = Debug|Any CPU
		{848F8F4A-D7BD-4869-8C27-AE83ACC60064}.Release|Any CPU.ActiveCfg = Release|Any CPU
		{848F8F4A-D7BD-4869-8C27-AE83ACC60064}.Release|Any CPU.Build.0 = Release|Any CPU
	EndGlobalSection
	GlobalSection(SolutionProperties) = preSolution
		HideSolutionNode = FALSE
	EndGlobalSection
	GlobalSection(ExtensibilityGlobals) = postSolution
		SolutionGuid = {5BDF3AB8-50E6-48DE-9FDD-7BC47E0622B1}
	EndGlobalSection
EndGlobal
