
Microsoft Visual Studio Solution File, Format Version 12.00
# Visual Studio Version 16
VisualStudioVersion = 16.0.29613.14
MinimumVisualStudioVersion = 10.0.40219.1
Project("{FAE04EC0-301F-11D3-BF4B-00C04F79EFBC}") = "08. Graduation pt.2", "08. Graduation pt.2.csproj", "{4AB2311E-97F8-4023-A605-6C1A9EB2DFCA}"
EndProject
Global
	GlobalSection(SolutionConfigurationPlatforms) = preSolution
		Debug|Any CPU = Debug|Any CPU
		Release|Any CPU = Release|Any CPU
	EndGlobalSection
	GlobalSection(ProjectConfigurationPlatforms) = postSolution
		{4AB2311E-97F8-4023-A605-6C1A9EB2DFCA}.Debug|Any CPU.ActiveCfg = Debug|Any CPU
		{4AB2311E-97F8-4023-A605-6C1A9EB2DFCA}.Debug|Any CPU.Build.0 = Debug|Any CPU
		{4AB2311E-97F8-4023-A605-6C1A9EB2DFCA}.Release|Any CPU.ActiveCfg = Release|Any CPU
		{4AB2311E-97F8-4023-A605-6C1A9EB2DFCA}.Release|Any CPU.Build.0 = Release|Any CPU
	EndGlobalSection
	GlobalSection(SolutionProperties) = preSolution
		HideSolutionNode = FALSE
	EndGlobalSection
	GlobalSection(ExtensibilityGlobals) = postSolution
		SolutionGuid = {3CB94EF6-4DB7-4668-A306-0E7E10405DAF}
	EndGlobalSection
EndGlobal
