
Microsoft Visual Studio Solution File, Format Version 12.00
# Visual Studio Version 16
VisualStudioVersion = 16.0.29613.14
MinimumVisualStudioVersion = 10.0.40219.1
Project("{FAE04EC0-301F-11D3-BF4B-00C04F79EFBC}") = "01. Old Books", "01. Old Books.csproj", "{48FC61FD-F904-4FD6-8367-118A436EE6D2}"
EndProject
Global
	GlobalSection(SolutionConfigurationPlatforms) = preSolution
		Debug|Any CPU = Debug|Any CPU
		Release|Any CPU = Release|Any CPU
	EndGlobalSection
	GlobalSection(ProjectConfigurationPlatforms) = postSolution
		{48FC61FD-F904-4FD6-8367-118A436EE6D2}.Debug|Any CPU.ActiveCfg = Debug|Any CPU
		{48FC61FD-F904-4FD6-8367-118A436EE6D2}.Debug|Any CPU.Build.0 = Debug|Any CPU
		{48FC61FD-F904-4FD6-8367-118A436EE6D2}.Release|Any CPU.ActiveCfg = Release|Any CPU
		{48FC61FD-F904-4FD6-8367-118A436EE6D2}.Release|Any CPU.Build.0 = Release|Any CPU
	EndGlobalSection
	GlobalSection(SolutionProperties) = preSolution
		HideSolutionNode = FALSE
	EndGlobalSection
	GlobalSection(ExtensibilityGlobals) = postSolution
		SolutionGuid = {3C9A7BF0-BCFF-4BFC-8619-8D0E3638795F}
	EndGlobalSection
EndGlobal
