
Microsoft Visual Studio Solution File, Format Version 12.00
# Visual Studio Version 16
VisualStudioVersion = 16.0.29613.14
MinimumVisualStudioVersion = 10.0.40219.1
Project("{FAE04EC0-301F-11D3-BF4B-00C04F79EFBC}") = "01. Excellent Result", "01. Excellent Result.csproj", "{08E8675C-2A18-4374-914D-582B6D82D4B1}"
EndProject
Global
	GlobalSection(SolutionConfigurationPlatforms) = preSolution
		Debug|Any CPU = Debug|Any CPU
		Release|Any CPU = Release|Any CPU
	EndGlobalSection
	GlobalSection(ProjectConfigurationPlatforms) = postSolution
		{08E8675C-2A18-4374-914D-582B6D82D4B1}.Debug|Any CPU.ActiveCfg = Debug|Any CPU
		{08E8675C-2A18-4374-914D-582B6D82D4B1}.Debug|Any CPU.Build.0 = Debug|Any CPU
		{08E8675C-2A18-4374-914D-582B6D82D4B1}.Release|Any CPU.ActiveCfg = Release|Any CPU
		{08E8675C-2A18-4374-914D-582B6D82D4B1}.Release|Any CPU.Build.0 = Release|Any CPU
	EndGlobalSection
	GlobalSection(SolutionProperties) = preSolution
		HideSolutionNode = FALSE
	EndGlobalSection
	GlobalSection(ExtensibilityGlobals) = postSolution
		SolutionGuid = {DC31C91F-FAF4-4225-B595-9661547EDC5C}
	EndGlobalSection
EndGlobal
