
Microsoft Visual Studio Solution File, Format Version 12.00
# Visual Studio Version 16
VisualStudioVersion = 16.0.29613.14
MinimumVisualStudioVersion = 10.0.40219.1
Project("{FAE04EC0-301F-11D3-BF4B-00C04F79EFBC}") = "04. Sum of Two Numbers", "04. Sum of Two Numbers.csproj", "{7AD0543D-254B-4125-BEDA-4E099507BCDB}"
EndProject
Global
	GlobalSection(SolutionConfigurationPlatforms) = preSolution
		Debug|Any CPU = Debug|Any CPU
		Release|Any CPU = Release|Any CPU
	EndGlobalSection
	GlobalSection(ProjectConfigurationPlatforms) = postSolution
		{7AD0543D-254B-4125-BEDA-4E099507BCDB}.Debug|Any CPU.ActiveCfg = Debug|Any CPU
		{7AD0543D-254B-4125-BEDA-4E099507BCDB}.Debug|Any CPU.Build.0 = Debug|Any CPU
		{7AD0543D-254B-4125-BEDA-4E099507BCDB}.Release|Any CPU.ActiveCfg = Release|Any CPU
		{7AD0543D-254B-4125-BEDA-4E099507BCDB}.Release|Any CPU.Build.0 = Release|Any CPU
	EndGlobalSection
	GlobalSection(SolutionProperties) = preSolution
		HideSolutionNode = FALSE
	EndGlobalSection
	GlobalSection(ExtensibilityGlobals) = postSolution
		SolutionGuid = {1FCBD137-81F1-460C-AB5C-E5DFDB64E871}
	EndGlobalSection
EndGlobal
