
Microsoft Visual Studio Solution File, Format Version 12.00
# Visual Studio Version 16
VisualStudioVersion = 16.0.29613.14
MinimumVisualStudioVersion = 10.0.40219.1
Project("{FAE04EC0-301F-11D3-BF4B-00C04F79EFBC}") = "05. Character Sequence", "05. Character Sequence.csproj", "{05839843-B041-4A33-B626-21579D73259F}"
EndProject
Global
	GlobalSection(SolutionConfigurationPlatforms) = preSolution
		Debug|Any CPU = Debug|Any CPU
		Release|Any CPU = Release|Any CPU
	EndGlobalSection
	GlobalSection(ProjectConfigurationPlatforms) = postSolution
		{05839843-B041-4A33-B626-21579D73259F}.Debug|Any CPU.ActiveCfg = Debug|Any CPU
		{05839843-B041-4A33-B626-21579D73259F}.Debug|Any CPU.Build.0 = Debug|Any CPU
		{05839843-B041-4A33-B626-21579D73259F}.Release|Any CPU.ActiveCfg = Release|Any CPU
		{05839843-B041-4A33-B626-21579D73259F}.Release|Any CPU.Build.0 = Release|Any CPU
	EndGlobalSection
	GlobalSection(SolutionProperties) = preSolution
		HideSolutionNode = FALSE
	EndGlobalSection
	GlobalSection(ExtensibilityGlobals) = postSolution
		SolutionGuid = {DACA1F9B-F1E6-44D2-BA4A-AB61250FBEB3}
	EndGlobalSection
EndGlobal
